
Microsoft Visual Studio Solution File, Format Version 12.00
# Visual Studio Version 16
VisualStudioVersion = 16.0.29326.143
MinimumVisualStudioVersion = 10.0.40219.1
Project("{9A19103F-16F7-4668-BE54-9A1E7A4F7556}") = "Warframe", "src\Warframe\Warframe.csproj", "{6A77F81D-1995-41DF-9C98-05A0D8A3B23E}"
EndProject
Project("{9A19103F-16F7-4668-BE54-9A1E7A4F7556}") = "Warframe.World", "src\Warframe.World\Warframe.World.csproj", "{2E18F19D-A822-43FE-B7BA-6B3CCFD19AAE}"
EndProject
Global
	GlobalSection(SolutionConfigurationPlatforms) = preSolution
		Debug|Any CPU = Debug|Any CPU
		Release|Any CPU = Release|Any CPU
	EndGlobalSection
	GlobalSection(ProjectConfigurationPlatforms) = postSolution
		{6A77F81D-1995-41DF-9C98-05A0D8A3B23E}.Debug|Any CPU.ActiveCfg = Debug|Any CPU
		{6A77F81D-1995-41DF-9C98-05A0D8A3B23E}.Debug|Any CPU.Build.0 = Debug|Any CPU
		{6A77F81D-1995-41DF-9C98-05A0D8A3B23E}.Release|Any CPU.ActiveCfg = Release|Any CPU
		{6A77F81D-1995-41DF-9C98-05A0D8A3B23E}.Release|Any CPU.Build.0 = Release|Any CPU
		{2E18F19D-A822-43FE-B7BA-6B3CCFD19AAE}.Debug|Any CPU.ActiveCfg = Debug|Any CPU
		{2E18F19D-A822-43FE-B7BA-6B3CCFD19AAE}.Debug|Any CPU.Build.0 = Debug|Any CPU
		{2E18F19D-A822-43FE-B7BA-6B3CCFD19AAE}.Release|Any CPU.ActiveCfg = Release|Any CPU
		{2E18F19D-A822-43FE-B7BA-6B3CCFD19AAE}.Release|Any CPU.Build.0 = Release|Any CPU
	EndGlobalSection
	GlobalSection(SolutionProperties) = preSolution
		HideSolutionNode = FALSE
	EndGlobalSection
	GlobalSection(ExtensibilityGlobals) = postSolution
		SolutionGuid = {81B3B173-A44A-4A2F-B56B-B3B1013C00F7}
	EndGlobalSection
EndGlobal
