
Microsoft Visual Studio Solution File, Format Version 12.00
# Visual Studio Version 16
VisualStudioVersion = 16.0.29509.3
MinimumVisualStudioVersion = 10.0.40219.1
Project("{9A19103F-16F7-4668-BE54-9A1E7A4F7556}") = "WorldState.Data", "WorldState.Data\WorldState.Data.csproj", "{9A5F9BCD-72AB-42D0-B68A-567E4BD88DE9}"
EndProject
Project("{9A19103F-16F7-4668-BE54-9A1E7A4F7556}") = "WorldState", "WorldState\WorldState.csproj", "{5760F6E9-A20C-4825-B3BF-B1AA59A18352}"
EndProject
Project("{9A19103F-16F7-4668-BE54-9A1E7A4F7556}") = "WorldState.AsyncEnumerated", "WorldState.AsyncEnumerated\WorldState.AsyncEnumerated.csproj", "{781F2DDD-73DB-44A9-94F9-C2F941443294}"
EndProject
Project("{9A19103F-16F7-4668-BE54-9A1E7A4F7556}") = "WorldState.Reactive", "WorldState.Reactive\WorldState.Reactive.csproj", "{E6779AD2-BB5C-4AC8-AD66-66FD786468DF}"
EndProject
Global
	GlobalSection(SolutionConfigurationPlatforms) = preSolution
		Debug|Any CPU = Debug|Any CPU
		Release|Any CPU = Release|Any CPU
	EndGlobalSection
	GlobalSection(ProjectConfigurationPlatforms) = postSolution
		{9A5F9BCD-72AB-42D0-B68A-567E4BD88DE9}.Debug|Any CPU.ActiveCfg = Debug|Any CPU
		{9A5F9BCD-72AB-42D0-B68A-567E4BD88DE9}.Debug|Any CPU.Build.0 = Debug|Any CPU
		{9A5F9BCD-72AB-42D0-B68A-567E4BD88DE9}.Release|Any CPU.ActiveCfg = Release|Any CPU
		{9A5F9BCD-72AB-42D0-B68A-567E4BD88DE9}.Release|Any CPU.Build.0 = Release|Any CPU
		{5760F6E9-A20C-4825-B3BF-B1AA59A18352}.Debug|Any CPU.ActiveCfg = Debug|Any CPU
		{5760F6E9-A20C-4825-B3BF-B1AA59A18352}.Debug|Any CPU.Build.0 = Debug|Any CPU
		{5760F6E9-A20C-4825-B3BF-B1AA59A18352}.Release|Any CPU.ActiveCfg = Release|Any CPU
		{5760F6E9-A20C-4825-B3BF-B1AA59A18352}.Release|Any CPU.Build.0 = Release|Any CPU
		{781F2DDD-73DB-44A9-94F9-C2F941443294}.Debug|Any CPU.ActiveCfg = Debug|Any CPU
		{781F2DDD-73DB-44A9-94F9-C2F941443294}.Debug|Any CPU.Build.0 = Debug|Any CPU
		{781F2DDD-73DB-44A9-94F9-C2F941443294}.Release|Any CPU.ActiveCfg = Release|Any CPU
		{781F2DDD-73DB-44A9-94F9-C2F941443294}.Release|Any CPU.Build.0 = Release|Any CPU
		{E6779AD2-BB5C-4AC8-AD66-66FD786468DF}.Debug|Any CPU.ActiveCfg = Debug|Any CPU
		{E6779AD2-BB5C-4AC8-AD66-66FD786468DF}.Debug|Any CPU.Build.0 = Debug|Any CPU
		{E6779AD2-BB5C-4AC8-AD66-66FD786468DF}.Release|Any CPU.ActiveCfg = Release|Any CPU
		{E6779AD2-BB5C-4AC8-AD66-66FD786468DF}.Release|Any CPU.Build.0 = Release|Any CPU
	EndGlobalSection
	GlobalSection(SolutionProperties) = preSolution
		HideSolutionNode = FALSE
	EndGlobalSection
	GlobalSection(ExtensibilityGlobals) = postSolution
		SolutionGuid = {81B3B173-A44A-4A2F-B56B-B3B1013C00F7}
	EndGlobalSection
EndGlobal
